// !$*UTF8*$!
{
	archiveVersion = 1;
	classes = {
	};
	objectVersion = 55;
	objects = {

/* Begin PBXBuildFile section */
		B50F25A827B1370A001C8DE4 /* EditDateCell.swift in Sources */ = {isa = PBXBuildFile; fileRef = B50F25A727B1370A001C8DE4 /* EditDateCell.swift */; };
		B5A8B63927AD273E001357D5 /* AppDelegate.swift in Sources */ = {isa = PBXBuildFile; fileRef = B5A8B63827AD273E001357D5 /* AppDelegate.swift */; };
		B5A8B63B27AD273E001357D5 /* SceneDelegate.swift in Sources */ = {isa = PBXBuildFile; fileRef = B5A8B63A27AD273E001357D5 /* SceneDelegate.swift */; };
		B5A8B64027AD273F001357D5 /* Main.storyboard in Resources */ = {isa = PBXBuildFile; fileRef = B5A8B63E27AD273F001357D5 /* Main.storyboard */; };
		B5A8B64227AD279A001357D5 /* Assets.xcassets in Resources */ = {isa = PBXBuildFile; fileRef = B5A8B64127AD279A001357D5 /* Assets.xcassets */; };
		B5A8B64527AD279A001357D5 /* LaunchScreen.storyboard in Resources */ = {isa = PBXBuildFile; fileRef = B5A8B64327AD279A001357D5 /* LaunchScreen.storyboard */; };
		B5A8B64D27AD28D0001357D5 /* ReminderListViewController.swift in Sources */ = {isa = PBXBuildFile; fileRef = B5A8B64C27AD28D0001357D5 /* ReminderListViewController.swift */; };
		B5A8B64F27AD28EC001357D5 /* Reminder.swift in Sources */ = {isa = PBXBuildFile; fileRef = B5A8B64E27AD28EC001357D5 /* Reminder.swift */; };
		B5A8B65327AD3A9D001357D5 /* ReminderListCell.swift in Sources */ = {isa = PBXBuildFile; fileRef = B5A8B65227AD3A9D001357D5 /* ReminderListCell.swift */; };
		B5A8B65527AD6016001357D5 /* ReminderDetailViewController.swift in Sources */ = {isa = PBXBuildFile; fileRef = B5A8B65427AD6016001357D5 /* ReminderDetailViewController.swift */; };
		B5A8B65727AD89C0001357D5 /* ReminderListDataSource.swift in Sources */ = {isa = PBXBuildFile; fileRef = B5A8B65627AD89C0001357D5 /* ReminderListDataSource.swift */; };
		B5B94DF427B120ED00FD62C7 /* ReminderDetailViewDataSource.swift in Sources */ = {isa = PBXBuildFile; fileRef = B5B94DF327B120ED00FD62C7 /* ReminderDetailViewDataSource.swift */; };
		B5B94DF627B12E2700FD62C7 /* EditTitleCell.swift in Sources */ = {isa = PBXBuildFile; fileRef = B5B94DF527B12E2700FD62C7 /* EditTitleCell.swift */; };
		B5B94DFA27B12E7500FD62C7 /* EditNotesCell.swift in Sources */ = {isa = PBXBuildFile; fileRef = B5B94DF927B12E7500FD62C7 /* EditNotesCell.swift */; };
/* End PBXBuildFile section */

/* Begin PBXFileReference section */
		B50F25A727B1370A001C8DE4 /* EditDateCell.swift */ = {isa = PBXFileReference; lastKnownFileType = sourcecode.swift; path = EditDateCell.swift; sourceTree = "<group>"; };
		B5A8B63527AD273D001357D5 /* Today.app */ = {isa = PBXFileReference; explicitFileType = wrapper.application; includeInIndex = 0; path = Today.app; sourceTree = BUILT_PRODUCTS_DIR; };
		B5A8B63827AD273E001357D5 /* AppDelegate.swift */ = {isa = PBXFileReference; lastKnownFileType = sourcecode.swift; path = AppDelegate.swift; sourceTree = "<group>"; };
		B5A8B63A27AD273E001357D5 /* SceneDelegate.swift */ = {isa = PBXFileReference; lastKnownFileType = sourcecode.swift; path = SceneDelegate.swift; sourceTree = "<group>"; };
		B5A8B63F27AD273F001357D5 /* Base */ = {isa = PBXFileReference; lastKnownFileType = file.storyboard; name = Base; path = Base.lproj/Main.storyboard; sourceTree = "<group>"; };
		B5A8B64127AD279A001357D5 /* Assets.xcassets */ = {isa = PBXFileReference; lastKnownFileType = folder.assetcatalog; path = Assets.xcassets; sourceTree = "<group>"; };
		B5A8B64427AD279A001357D5 /* Base */ = {isa = PBXFileReference; lastKnownFileType = file.storyboard; name = Base; path = Base.lproj/LaunchScreen.storyboard; sourceTree = "<group>"; };
		B5A8B64627AD279A001357D5 /* Info.plist */ = {isa = PBXFileReference; lastKnownFileType = text.plist.xml; path = Info.plist; sourceTree = "<group>"; };
		B5A8B64C27AD28D0001357D5 /* ReminderListViewController.swift */ = {isa = PBXFileReference; lastKnownFileType = sourcecode.swift; path = ReminderListViewController.swift; sourceTree = "<group>"; };
		B5A8B64E27AD28EC001357D5 /* Reminder.swift */ = {isa = PBXFileReference; lastKnownFileType = sourcecode.swift; path = Reminder.swift; sourceTree = "<group>"; };
		B5A8B65227AD3A9D001357D5 /* ReminderListCell.swift */ = {isa = PBXFileReference; lastKnownFileType = sourcecode.swift; path = ReminderListCell.swift; sourceTree = "<group>"; };
		B5A8B65427AD6016001357D5 /* ReminderDetailViewController.swift */ = {isa = PBXFileReference; lastKnownFileType = sourcecode.swift; path = ReminderDetailViewController.swift; sourceTree = "<group>"; };
		B5A8B65627AD89C0001357D5 /* ReminderListDataSource.swift */ = {isa = PBXFileReference; lastKnownFileType = sourcecode.swift; path = ReminderListDataSource.swift; sourceTree = "<group>"; };
		B5B94DF327B120ED00FD62C7 /* ReminderDetailViewDataSource.swift */ = {isa = PBXFileReference; lastKnownFileType = sourcecode.swift; path = ReminderDetailViewDataSource.swift; sourceTree = "<group>"; };
		B5B94DF527B12E2700FD62C7 /* EditTitleCell.swift */ = {isa = PBXFileReference; lastKnownFileType = sourcecode.swift; path = EditTitleCell.swift; sourceTree = "<group>"; };
		B5B94DF927B12E7500FD62C7 /* EditNotesCell.swift */ = {isa = PBXFileReference; lastKnownFileType = sourcecode.swift; path = EditNotesCell.swift; sourceTree = "<group>"; };
/* End PBXFileReference section */

/* Begin PBXFrameworksBuildPhase section */
		B5A8B63227AD273D001357D5 /* Frameworks */ = {
			isa = PBXFrameworksBuildPhase;
			buildActionMask = 2147483647;
			files = (
			);
			runOnlyForDeploymentPostprocessing = 0;
		};
/* End PBXFrameworksBuildPhase section */

/* Begin PBXGroup section */
		B5A8B62C27AD273C001357D5 = {
			isa = PBXGroup;
			children = (
				B5A8B63727AD273E001357D5 /* Today */,
				B5A8B63627AD273D001357D5 /* Products */,
			);
			sourceTree = "<group>";
		};
		B5A8B63627AD273D001357D5 /* Products */ = {
			isa = PBXGroup;
			children = (
				B5A8B63527AD273D001357D5 /* Today.app */,
			);
			name = Products;
			sourceTree = "<group>";
		};
		B5A8B63727AD273E001357D5 /* Today */ = {
			isa = PBXGroup;
			children = (
				B5A8B63827AD273E001357D5 /* AppDelegate.swift */,
				B5A8B63A27AD273E001357D5 /* SceneDelegate.swift */,
				B5A8B63E27AD273F001357D5 /* Main.storyboard */,
				B5B94DFB27B12EB500FD62C7 /* Views */,
				B5A8B64E27AD28EC001357D5 /* Reminder.swift */,
				B5A8B64C27AD28D0001357D5 /* ReminderListViewController.swift */,
				B5A8B65627AD89C0001357D5 /* ReminderListDataSource.swift */,
				B5A8B65427AD6016001357D5 /* ReminderDetailViewController.swift */,
				B5B94DF327B120ED00FD62C7 /* ReminderDetailViewDataSource.swift */,
				B5A8B64127AD279A001357D5 /* Assets.xcassets */,
				B5A8B64327AD279A001357D5 /* LaunchScreen.storyboard */,
				B5A8B64627AD279A001357D5 /* Info.plist */,
			);
			path = Today;
			sourceTree = "<group>";
		};
		B5B94DFB27B12EB500FD62C7 /* Views */ = {
			isa = PBXGroup;
			children = (
				B5A8B65227AD3A9D001357D5 /* ReminderListCell.swift */,
				B5B94DF527B12E2700FD62C7 /* EditTitleCell.swift */,
				B5B94DF927B12E7500FD62C7 /* EditNotesCell.swift */,
				B50F25A727B1370A001C8DE4 /* EditDateCell.swift */,
			);
			path = Views;
			sourceTree = "<group>";
		};
/* End PBXGroup section */

/* Begin PBXNativeTarget section */
		B5A8B63427AD273D001357D5 /* Today */ = {
			isa = PBXNativeTarget;
			buildConfigurationList = B5A8B64927AD279A001357D5 /* Build configuration list for PBXNativeTarget "Today" */;
			buildPhases = (
				B5A8B63127AD273D001357D5 /* Sources */,
				B5A8B63227AD273D001357D5 /* Frameworks */,
				B5A8B63327AD273D001357D5 /* Resources */,
			);
			buildRules = (
			);
			dependencies = (
			);
			name = Today;
			productName = Today;
			productReference = B5A8B63527AD273D001357D5 /* Today.app */;
			productType = "com.apple.product-type.application";
		};
/* End PBXNativeTarget section */

/* Begin PBXProject section */
		B5A8B62D27AD273C001357D5 /* Project object */ = {
			isa = PBXProject;
			attributes = {
				BuildIndependentTargetsInParallel = 1;
				LastSwiftUpdateCheck = 1320;
				LastUpgradeCheck = 1320;
				TargetAttributes = {
					B5A8B63427AD273D001357D5 = {
						CreatedOnToolsVersion = 13.2.1;
					};
				};
			};
			buildConfigurationList = B5A8B63027AD273C001357D5 /* Build configuration list for PBXProject "Today" */;
			compatibilityVersion = "Xcode 13.0";
			developmentRegion = en;
			hasScannedForEncodings = 0;
			knownRegions = (
				en,
				Base,
			);
			mainGroup = B5A8B62C27AD273C001357D5;
			productRefGroup = B5A8B63627AD273D001357D5 /* Products */;
			projectDirPath = "";
			projectRoot = "";
			targets = (
				B5A8B63427AD273D001357D5 /* Today */,
			);
		};
/* End PBXProject section */

/* Begin PBXResourcesBuildPhase section */
		B5A8B63327AD273D001357D5 /* Resources */ = {
			isa = PBXResourcesBuildPhase;
			buildActionMask = 2147483647;
			files = (
				B5A8B64527AD279A001357D5 /* LaunchScreen.storyboard in Resources */,
				B5A8B64227AD279A001357D5 /* Assets.xcassets in Resources */,
				B5A8B64027AD273F001357D5 /* Main.storyboard in Resources */,
			);
			runOnlyForDeploymentPostprocessing = 0;
		};
/* End PBXResourcesBuildPhase section */

/* Begin PBXSourcesBuildPhase section */
		B5A8B63127AD273D001357D5 /* Sources */ = {
			isa = PBXSourcesBuildPhase;
			buildActionMask = 2147483647;
			files = (
				B5A8B63927AD273E001357D5 /* AppDelegate.swift in Sources */,
				B5A8B65327AD3A9D001357D5 /* ReminderListCell.swift in Sources */,
				B5A8B64F27AD28EC001357D5 /* Reminder.swift in Sources */,
				B50F25A827B1370A001C8DE4 /* EditDateCell.swift in Sources */,
				B5B94DF627B12E2700FD62C7 /* EditTitleCell.swift in Sources */,
				B5A8B65527AD6016001357D5 /* ReminderDetailViewController.swift in Sources */,
				B5B94DF427B120ED00FD62C7 /* ReminderDetailViewDataSource.swift in Sources */,
				B5A8B64D27AD28D0001357D5 /* ReminderListViewController.swift in Sources */,
				B5A8B63B27AD273E001357D5 /* SceneDelegate.swift in Sources */,
				B5A8B65727AD89C0001357D5 /* ReminderListDataSource.swift in Sources */,
				B5B94DFA27B12E7500FD62C7 /* EditNotesCell.swift in Sources */,
			);
			runOnlyForDeploymentPostprocessing = 0;
		};
/* End PBXSourcesBuildPhase section */

/* Begin PBXVariantGroup section */
		B5A8B63E27AD273F001357D5 /* Main.storyboard */ = {
			isa = PBXVariantGroup;
			children = (
				B5A8B63F27AD273F001357D5 /* Base */,
			);
			name = Main.storyboard;
			sourceTree = "<group>";
		};
		B5A8B64327AD279A001357D5 /* LaunchScreen.storyboard */ = {
			isa = PBXVariantGroup;
			children = (
				B5A8B64427AD279A001357D5 /* Base */,
			);
			name = LaunchScreen.storyboard;
			sourceTree = "<group>";
		};
/* End PBXVariantGroup section */

/* Begin XCBuildConfiguration section */
		B5A8B64727AD279A001357D5 /* Debug */ = {
			isa = XCBuildConfiguration;
			buildSettings = {
				ALWAYS_SEARCH_USER_PATHS = NO;
				CLANG_ANALYZER_NONNULL = YES;
				CLANG_ANALYZER_NUMBER_OBJECT_CONVERSION = YES_AGGRESSIVE;
				CLANG_CXX_LANGUAGE_STANDARD = "gnu++17";
				CLANG_CXX_LIBRARY = "libc++";
				CLANG_ENABLE_MODULES = YES;
				CLANG_ENABLE_OBJC_ARC = YES;
				CLANG_ENABLE_OBJC_WEAK = YES;
				CLANG_WARN_BLOCK_CAPTURE_AUTORELEASING = YES;
				CLANG_WARN_BOOL_CONVERSION = YES;
				CLANG_WARN_COMMA = YES;
				CLANG_WARN_CONSTANT_CONVERSION = YES;
				CLANG_WARN_DEPRECATED_OBJC_IMPLEMENTATIONS = YES;
				CLANG_WARN_DIRECT_OBJC_ISA_USAGE = YES_ERROR;
				CLANG_WARN_DOCUMENTATION_COMMENTS = YES;
				CLANG_WARN_EMPTY_BODY = YES;
				CLANG_WARN_ENUM_CONVERSION = YES;
				CLANG_WARN_INFINITE_RECURSION = YES;
				CLANG_WARN_INT_CONVERSION = YES;
				CLANG_WARN_NON_LITERAL_NULL_CONVERSION = YES;
				CLANG_WARN_OBJC_IMPLICIT_RETAIN_SELF = YES;
				CLANG_WARN_OBJC_LITERAL_CONVERSION = YES;
				CLANG_WARN_OBJC_ROOT_CLASS = YES_ERROR;
				CLANG_WARN_QUOTED_INCLUDE_IN_FRAMEWORK_HEADER = YES;
				CLANG_WARN_RANGE_LOOP_ANALYSIS = YES;
				CLANG_WARN_STRICT_PROTOTYPES = YES;
				CLANG_WARN_SUSPICIOUS_MOVE = YES;
				CLANG_WARN_UNGUARDED_AVAILABILITY = YES_AGGRESSIVE;
				CLANG_WARN_UNREACHABLE_CODE = YES;
				CLANG_WARN__DUPLICATE_METHOD_MATCH = YES;
				COPY_PHASE_STRIP = NO;
				DEBUG_INFORMATION_FORMAT = dwarf;
				ENABLE_STRICT_OBJC_MSGSEND = YES;
				ENABLE_TESTABILITY = YES;
				GCC_C_LANGUAGE_STANDARD = gnu11;
				GCC_DYNAMIC_NO_PIC = NO;
				GCC_NO_COMMON_BLOCKS = YES;
				GCC_OPTIMIZATION_LEVEL = 0;
				GCC_PREPROCESSOR_DEFINITIONS = (
					"DEBUG=1",
					"$(inherited)",
				);
				GCC_WARN_64_TO_32_BIT_CONVERSION = YES;
				GCC_WARN_ABOUT_RETURN_TYPE = YES_ERROR;
				GCC_WARN_UNDECLARED_SELECTOR = YES;
				GCC_WARN_UNINITIALIZED_AUTOS = YES_AGGRESSIVE;
				GCC_WARN_UNUSED_FUNCTION = YES;
				GCC_WARN_UNUSED_VARIABLE = YES;
				IPHONEOS_DEPLOYMENT_TARGET = 15.2;
				MTL_ENABLE_DEBUG_INFO = INCLUDE_SOURCE;
				MTL_FAST_MATH = YES;
				ONLY_ACTIVE_ARCH = YES;
				SDKROOT = iphoneos;
				SWIFT_ACTIVE_COMPILATION_CONDITIONS = DEBUG;
				SWIFT_OPTIMIZATION_LEVEL = "-Onone";
			};
			name = Debug;
		};
		B5A8B64827AD279A001357D5 /* Release */ = {
			isa = XCBuildConfiguration;
			buildSettings = {
				ALWAYS_SEARCH_USER_PATHS = NO;
				CLANG_ANALYZER_NONNULL = YES;
				CLANG_ANALYZER_NUMBER_OBJECT_CONVERSION = YES_AGGRESSIVE;
				CLANG_CXX_LANGUAGE_STANDARD = "gnu++17";
				CLANG_CXX_LIBRARY = "libc++";
				CLANG_ENABLE_MODULES = YES;
				CLANG_ENABLE_OBJC_ARC = YES;
				CLANG_ENABLE_OBJC_WEAK = YES;
				CLANG_WARN_BLOCK_CAPTURE_AUTORELEASING = YES;
				CLANG_WARN_BOOL_CONVERSION = YES;
				CLANG_WARN_COMMA = YES;
				CLANG_WARN_CONSTANT_CONVERSION = YES;
				CLANG_WARN_DEPRECATED_OBJC_IMPLEMENTATIONS = YES;
				CLANG_WARN_DIRECT_OBJC_ISA_USAGE = YES_ERROR;
				CLANG_WARN_DOCUMENTATION_COMMENTS = YES;
				CLANG_WARN_EMPTY_BODY = YES;
				CLANG_WARN_ENUM_CONVERSION = YES;
				CLANG_WARN_INFINITE_RECURSION = YES;
				CLANG_WARN_INT_CONVERSION = YES;
				CLANG_WARN_NON_LITERAL_NULL_CONVERSION = YES;
				CLANG_WARN_OBJC_IMPLICIT_RETAIN_SELF = YES;
				CLANG_WARN_OBJC_LITERAL_CONVERSION = YES;
				CLANG_WARN_OBJC_ROOT_CLASS = YES_ERROR;
				CLANG_WARN_QUOTED_INCLUDE_IN_FRAMEWORK_HEADER = YES;
				CLANG_WARN_RANGE_LOOP_ANALYSIS = YES;
				CLANG_WARN_STRICT_PROTOTYPES = YES;
				CLANG_WARN_SUSPICIOUS_MOVE = YES;
				CLANG_WARN_UNGUARDED_AVAILABILITY = YES_AGGRESSIVE;
				CLANG_WARN_UNREACHABLE_CODE = YES;
				CLANG_WARN__DUPLICATE_METHOD_MATCH = YES;
				COPY_PHASE_STRIP = NO;
				DEBUG_INFORMATION_FORMAT = "dwarf-with-dsym";
				ENABLE_NS_ASSERTIONS = NO;
				ENABLE_STRICT_OBJC_MSGSEND = YES;
				GCC_C_LANGUAGE_STANDARD = gnu11;
				GCC_NO_COMMON_BLOCKS = YES;
				GCC_WARN_64_TO_32_BIT_CONVERSION = YES;
				GCC_WARN_ABOUT_RETURN_TYPE = YES_ERROR;
				GCC_WARN_UNDECLARED_SELECTOR = YES;
				GCC_WARN_UNINITIALIZED_AUTOS = YES_AGGRESSIVE;
				GCC_WARN_UNUSED_FUNCTION = YES;
				GCC_WARN_UNUSED_VARIABLE = YES;
				IPHONEOS_DEPLOYMENT_TARGET = 15.2;
				MTL_ENABLE_DEBUG_INFO = NO;
				MTL_FAST_MATH = YES;
				SDKROOT = iphoneos;
				SWIFT_COMPILATION_MODE = wholemodule;
				SWIFT_OPTIMIZATION_LEVEL = "-O";
				VALIDATE_PRODUCT = YES;
			};
			name = Release;
		};
		B5A8B64A27AD279A001357D5 /* Debug */ = {
			isa = XCBuildConfiguration;
			buildSettings = {
				ASSETCATALOG_COMPILER_APPICON_NAME = AppIcon;
				ASSETCATALOG_COMPILER_GLOBAL_ACCENT_COLOR_NAME = AccentColor;
				CODE_SIGN_STYLE = Automatic;
				CURRENT_PROJECT_VERSION = 1;
				DEVELOPMENT_TEAM = BPXP6739DN;
				GENERATE_INFOPLIST_FILE = YES;
				INFOPLIST_FILE = Today/Info.plist;
				INFOPLIST_KEY_UIApplicationSupportsIndirectInputEvents = YES;
				INFOPLIST_KEY_UILaunchStoryboardName = LaunchScreen;
				INFOPLIST_KEY_UIMainStoryboardFile = Main;
				INFOPLIST_KEY_UISupportedInterfaceOrientations_iPad = "UIInterfaceOrientationPortrait UIInterfaceOrientationPortraitUpsideDown UIInterfaceOrientationLandscapeLeft UIInterfaceOrientationLandscapeRight";
				INFOPLIST_KEY_UISupportedInterfaceOrientations_iPhone = "UIInterfaceOrientationPortrait UIInterfaceOrientationLandscapeLeft UIInterfaceOrientationLandscapeRight";
				LD_RUNPATH_SEARCH_PATHS = (
					"$(inherited)",
					"@executable_path/Frameworks",
				);
				MARKETING_VERSION = 1.0;
				PRODUCT_BUNDLE_IDENTIFIER = com.mitrioApps.Today;
				PRODUCT_NAME = "$(TARGET_NAME)";
				SWIFT_EMIT_LOC_STRINGS = YES;
				SWIFT_VERSION = 5.0;
				TARGETED_DEVICE_FAMILY = 1;
			};
			name = Debug;
		};
		B5A8B64B27AD279A001357D5 /* Release */ = {
			isa = XCBuildConfiguration;
			buildSettings = {
				ASSETCATALOG_COMPILER_APPICON_NAME = AppIcon;
				ASSETCATALOG_COMPILER_GLOBAL_ACCENT_COLOR_NAME = AccentColor;
				CODE_SIGN_STYLE = Automatic;
				CURRENT_PROJECT_VERSION = 1;
				DEVELOPMENT_TEAM = BPXP6739DN;
				GENERATE_INFOPLIST_FILE = YES;
				INFOPLIST_FILE = Today/Info.plist;
				INFOPLIST_KEY_UIApplicationSupportsIndirectInputEvents = YES;
				INFOPLIST_KEY_UILaunchStoryboardName = LaunchScreen;
				INFOPLIST_KEY_UIMainStoryboardFile = Main;
				INFOPLIST_KEY_UISupportedInterfaceOrientations_iPad = "UIInterfaceOrientationPortrait UIInterfaceOrientationPortraitUpsideDown UIInterfaceOrientationLandscapeLeft UIInterfaceOrientationLandscapeRight";
				INFOPLIST_KEY_UISupportedInterfaceOrientations_iPhone = "UIInterfaceOrientationPortrait UIInterfaceOrientationLandscapeLeft UIInterfaceOrientationLandscapeRight";
				LD_RUNPATH_SEARCH_PATHS = (
					"$(inherited)",
					"@executable_path/Frameworks",
				);
				MARKETING_VERSION = 1.0;
				PRODUCT_BUNDLE_IDENTIFIER = com.mitrioApps.Today;
				PRODUCT_NAME = "$(TARGET_NAME)";
				SWIFT_EMIT_LOC_STRINGS = YES;
				SWIFT_VERSION = 5.0;
				TARGETED_DEVICE_FAMILY = 1;
			};
			name = Release;
		};
/* End XCBuildConfiguration section */

/* Begin XCConfigurationList section */
		B5A8B63027AD273C001357D5 /* Build configuration list for PBXProject "Today" */ = {
			isa = XCConfigurationList;
			buildConfigurations = (
				B5A8B64727AD279A001357D5 /* Debug */,
				B5A8B64827AD279A001357D5 /* Release */,
			);
			defaultConfigurationIsVisible = 0;
			defaultConfigurationName = Release;
		};
		B5A8B64927AD279A001357D5 /* Build configuration list for PBXNativeTarget "Today" */ = {
			isa = XCConfigurationList;
			buildConfigurations = (
				B5A8B64A27AD279A001357D5 /* Debug */,
				B5A8B64B27AD279A001357D5 /* Release */,
			);
			defaultConfigurationIsVisible = 0;
			defaultConfigurationName = Release;
		};
/* End XCConfigurationList section */
	};
	rootObject = B5A8B62D27AD273C001357D5 /* Project object */;
}
